// !$*UTF8*$!
{
	archiveVersion = 1;
	classes = {
	};
	objectVersion = 48;
	objects = {

/* Begin PBXBuildFile section */
		2000455E1F850DDD004F8158 /* AppDelegate.swift in Sources */ = {isa = PBXBuildFile; fileRef = 2000455D1F850DDD004F8158 /* AppDelegate.swift */; };
		200045601F850DDD004F8158 /* FirstViewController.swift in Sources */ = {isa = PBXBuildFile; fileRef = 2000455F1F850DDD004F8158 /* FirstViewController.swift */; };
		200045621F850DDD004F8158 /* PersistenceViewController.swift in Sources */ = {isa = PBXBuildFile; fileRef = 200045611F850DDD004F8158 /* PersistenceViewController.swift */; };
		200045651F850DDD004F8158 /* Main.storyboard in Resources */ = {isa = PBXBuildFile; fileRef = 200045631F850DDD004F8158 /* Main.storyboard */; };
		200045671F850DDD004F8158 /* Assets.xcassets in Resources */ = {isa = PBXBuildFile; fileRef = 200045661F850DDD004F8158 /* Assets.xcassets */; };
		2000456A1F850DDD004F8158 /* LaunchScreen.storyboard in Resources */ = {isa = PBXBuildFile; fileRef = 200045681F850DDD004F8158 /* LaunchScreen.storyboard */; };
		200045721F852408004F8158 /* AnimationViewController.swift in Sources */ = {isa = PBXBuildFile; fileRef = 200045711F852408004F8158 /* AnimationViewController.swift */; };
		200045741F852596004F8158 /* NetworkViewController.swift in Sources */ = {isa = PBXBuildFile; fileRef = 200045731F852596004F8158 /* NetworkViewController.swift */; };
		20F7491A1F8541720083B93E /* SQLite.framework in Frameworks */ = {isa = PBXBuildFile; fileRef = 20F7490D1F8541600083B93E /* SQLite.framework */; };
		20F7491B1F8541720083B93E /* SQLite.framework in Embed Frameworks */ = {isa = PBXBuildFile; fileRef = 20F7490D1F8541600083B93E /* SQLite.framework */; settings = {ATTRIBUTES = (CodeSignOnCopy, RemoveHeadersOnCopy, ); }; };
/* End PBXBuildFile section */

/* Begin PBXContainerItemProxy section */
		20F7490C1F8541600083B93E /* PBXContainerItemProxy */ = {
			isa = PBXContainerItemProxy;
			containerPortal = 200045751F8530C9004F8158 /* SQLite.xcodeproj */;
			proxyType = 2;
			remoteGlobalIDString = EE247AD31C3F04ED00AE3E12;
			remoteInfo = "SQLite iOS";
		};
		20F7490E1F8541600083B93E /* PBXContainerItemProxy */ = {
			isa = PBXContainerItemProxy;
			containerPortal = 200045751F8530C9004F8158 /* SQLite.xcodeproj */;
			proxyType = 2;
			remoteGlobalIDString = EE247ADD1C3F04ED00AE3E12;
			remoteInfo = "SQLiteTests iOS";
		};
		20F749101F8541600083B93E /* PBXContainerItemProxy */ = {
			isa = PBXContainerItemProxy;
			containerPortal = 200045751F8530C9004F8158 /* SQLite.xcodeproj */;
			proxyType = 2;
			remoteGlobalIDString = EE247B3C1C3F3ED000AE3E12;
			remoteInfo = "SQLite Mac";
		};
		20F749121F8541600083B93E /* PBXContainerItemProxy */ = {
			isa = PBXContainerItemProxy;
			containerPortal = 200045751F8530C9004F8158 /* SQLite.xcodeproj */;
			proxyType = 2;
			remoteGlobalIDString = EE247B451C3F3ED000AE3E12;
			remoteInfo = "SQLiteTests Mac";
		};
		20F749141F8541600083B93E /* PBXContainerItemProxy */ = {
			isa = PBXContainerItemProxy;
			containerPortal = 200045751F8530C9004F8158 /* SQLite.xcodeproj */;
			proxyType = 2;
			remoteGlobalIDString = 03A65E5A1C6BB0F50062603F;
			remoteInfo = "SQLite tvOS";
		};
		20F749161F8541600083B93E /* PBXContainerItemProxy */ = {
			isa = PBXContainerItemProxy;
			containerPortal = 200045751F8530C9004F8158 /* SQLite.xcodeproj */;
			proxyType = 2;
			remoteGlobalIDString = 03A65E631C6BB0F60062603F;
			remoteInfo = "SQLiteTests tvOS";
		};
		20F749181F8541600083B93E /* PBXContainerItemProxy */ = {
			isa = PBXContainerItemProxy;
			containerPortal = 200045751F8530C9004F8158 /* SQLite.xcodeproj */;
			proxyType = 2;
			remoteGlobalIDString = A121AC451CA35C79005A31D1;
			remoteInfo = "SQLite watchOS";
		};
		20F7491C1F8541720083B93E /* PBXContainerItemProxy */ = {
			isa = PBXContainerItemProxy;
			containerPortal = 200045751F8530C9004F8158 /* SQLite.xcodeproj */;
			proxyType = 1;
			remoteGlobalIDString = EE247AD21C3F04ED00AE3E12;
			remoteInfo = "SQLite iOS";
		};
/* End PBXContainerItemProxy section */

/* Begin PBXCopyFilesBuildPhase section */
		200045911F853133004F8158 /* Embed Frameworks */ = {
			isa = PBXCopyFilesBuildPhase;
			buildActionMask = 2147483647;
			dstPath = "";
			dstSubfolderSpec = 10;
			files = (
				20F7491B1F8541720083B93E /* SQLite.framework in Embed Frameworks */,
			);
			name = "Embed Frameworks";
			runOnlyForDeploymentPostprocessing = 0;
		};
/* End PBXCopyFilesBuildPhase section */

/* Begin PBXFileReference section */
		2000455A1F850DDC004F8158 /* MacounApp.app */ = {isa = PBXFileReference; explicitFileType = wrapper.application; includeInIndex = 0; path = MacounApp.app; sourceTree = BUILT_PRODUCTS_DIR; };
		2000455D1F850DDD004F8158 /* AppDelegate.swift */ = {isa = PBXFileReference; lastKnownFileType = sourcecode.swift; path = AppDelegate.swift; sourceTree = "<group>"; };
		2000455F1F850DDD004F8158 /* FirstViewController.swift */ = {isa = PBXFileReference; lastKnownFileType = sourcecode.swift; path = FirstViewController.swift; sourceTree = "<group>"; };
		200045611F850DDD004F8158 /* PersistenceViewController.swift */ = {isa = PBXFileReference; lastKnownFileType = sourcecode.swift; path = PersistenceViewController.swift; sourceTree = "<group>"; };
		200045641F850DDD004F8158 /* Base */ = {isa = PBXFileReference; lastKnownFileType = file.storyboard; name = Base; path = Base.lproj/Main.storyboard; sourceTree = "<group>"; };
		200045661F850DDD004F8158 /* Assets.xcassets */ = {isa = PBXFileReference; lastKnownFileType = folder.assetcatalog; path = Assets.xcassets; sourceTree = "<group>"; };
		200045691F850DDD004F8158 /* Base */ = {isa = PBXFileReference; lastKnownFileType = file.storyboard; name = Base; path = Base.lproj/LaunchScreen.storyboard; sourceTree = "<group>"; };
		2000456B1F850DDD004F8158 /* Info.plist */ = {isa = PBXFileReference; lastKnownFileType = text.plist.xml; path = Info.plist; sourceTree = "<group>"; };
		200045711F852408004F8158 /* AnimationViewController.swift */ = {isa = PBXFileReference; lastKnownFileType = sourcecode.swift; path = AnimationViewController.swift; sourceTree = "<group>"; };
		200045731F852596004F8158 /* NetworkViewController.swift */ = {isa = PBXFileReference; lastKnownFileType = sourcecode.swift; path = NetworkViewController.swift; sourceTree = "<group>"; };
		200045751F8530C9004F8158 /* SQLite.xcodeproj */ = {isa = PBXFileReference; lastKnownFileType = "wrapper.pb-project"; name = SQLite.xcodeproj; path = "SQLite.swift-master/SQLite.xcodeproj"; sourceTree = "<group>"; };
/* End PBXFileReference section */

/* Begin PBXFrameworksBuildPhase section */
		200045571F850DDC004F8158 /* Frameworks */ = {
			isa = PBXFrameworksBuildPhase;
			buildActionMask = 2147483647;
			files = (
				20F7491A1F8541720083B93E /* SQLite.framework in Frameworks */,
			);
			runOnlyForDeploymentPostprocessing = 0;
		};
/* End PBXFrameworksBuildPhase section */

/* Begin PBXGroup section */
		200045511F850DDC004F8158 = {
			isa = PBXGroup;
			children = (
				2000455C1F850DDC004F8158 /* MacounApp */,
				2000455B1F850DDC004F8158 /* Products */,
				200045751F8530C9004F8158 /* SQLite.xcodeproj */,
			);
			sourceTree = "<group>";
		};
		2000455B1F850DDC004F8158 /* Products */ = {
			isa = PBXGroup;
			children = (
				2000455A1F850DDC004F8158 /* MacounApp.app */,
			);
			name = Products;
			sourceTree = "<group>";
		};
		2000455C1F850DDC004F8158 /* MacounApp */ = {
			isa = PBXGroup;
			children = (
				2000455D1F850DDD004F8158 /* AppDelegate.swift */,
				2000455F1F850DDD004F8158 /* FirstViewController.swift */,
				200045711F852408004F8158 /* AnimationViewController.swift */,
				200045611F850DDD004F8158 /* PersistenceViewController.swift */,
				200045731F852596004F8158 /* NetworkViewController.swift */,
				200045631F850DDD004F8158 /* Main.storyboard */,
				200045661F850DDD004F8158 /* Assets.xcassets */,
				200045681F850DDD004F8158 /* LaunchScreen.storyboard */,
				2000456B1F850DDD004F8158 /* Info.plist */,
			);
			path = MacounApp;
			sourceTree = "<group>";
		};
		20F749031F8541600083B93E /* Products */ = {
			isa = PBXGroup;
			children = (
				20F7490D1F8541600083B93E /* SQLite.framework */,
				20F7490F1F8541600083B93E /* SQLiteTests iOS.xctest */,
				20F749111F8541600083B93E /* SQLite.framework */,
				20F749131F8541600083B93E /* SQLiteTests Mac.xctest */,
				20F749151F8541600083B93E /* SQLite.framework */,
				20F749171F8541600083B93E /* SQLiteTests tvOS.xctest */,
				20F749191F8541600083B93E /* SQLite.framework */,
			);
			name = Products;
			sourceTree = "<group>";
		};
/* End PBXGroup section */

/* Begin PBXNativeTarget section */
		200045591F850DDC004F8158 /* MacounApp */ = {
			isa = PBXNativeTarget;
			buildConfigurationList = 2000456E1F850DDD004F8158 /* Build configuration list for PBXNativeTarget "MacounApp" */;
			buildPhases = (
				200045561F850DDC004F8158 /* Sources */,
				200045571F850DDC004F8158 /* Frameworks */,
				200045581F850DDC004F8158 /* Resources */,
				200045911F853133004F8158 /* Embed Frameworks */,
			);
			buildRules = (
			);
			dependencies = (
				20F7491D1F8541720083B93E /* PBXTargetDependency */,
			);
			name = MacounApp;
			productName = MacounApp;
			productReference = 2000455A1F850DDC004F8158 /* MacounApp.app */;
			productType = "com.apple.product-type.application";
		};
/* End PBXNativeTarget section */

/* Begin PBXProject section */
		200045521F850DDC004F8158 /* Project object */ = {
			isa = PBXProject;
			attributes = {
				LastSwiftUpdateCheck = 0900;
				LastUpgradeCheck = 0900;
				ORGANIZATIONNAME = microsoft;
				TargetAttributes = {
					200045591F850DDC004F8158 = {
						CreatedOnToolsVersion = 9.0;
						ProvisioningStyle = Automatic;
					};
				};
			};
			buildConfigurationList = 200045551F850DDC004F8158 /* Build configuration list for PBXProject "MacounApp" */;
			compatibilityVersion = "Xcode 8.0";
			developmentRegion = en;
			hasScannedForEncodings = 0;
			knownRegions = (
				en,
				Base,
			);
			mainGroup = 200045511F850DDC004F8158;
			productRefGroup = 2000455B1F850DDC004F8158 /* Products */;
			projectDirPath = "";
			projectReferences = (
				{
					ProductGroup = 20F749031F8541600083B93E /* Products */;
					ProjectRef = 200045751F8530C9004F8158 /* SQLite.xcodeproj */;
				},
			);
			projectRoot = "";
			targets = (
				200045591F850DDC004F8158 /* MacounApp */,
			);
		};
/* End PBXProject section */

/* Begin PBXReferenceProxy section */
		20F7490D1F8541600083B93E /* SQLite.framework */ = {
			isa = PBXReferenceProxy;
			fileType = wrapper.framework;
			path = SQLite.framework;
			remoteRef = 20F7490C1F8541600083B93E /* PBXContainerItemProxy */;
			sourceTree = BUILT_PRODUCTS_DIR;
		};
		20F7490F1F8541600083B93E /* SQLiteTests iOS.xctest */ = {
			isa = PBXReferenceProxy;
			fileType = wrapper.cfbundle;
			path = "SQLiteTests iOS.xctest";
			remoteRef = 20F7490E1F8541600083B93E /* PBXContainerItemProxy */;
			sourceTree = BUILT_PRODUCTS_DIR;
		};
		20F749111F8541600083B93E /* SQLite.framework */ = {
			isa = PBXReferenceProxy;
			fileType = wrapper.framework;
			path = SQLite.framework;
			remoteRef = 20F749101F8541600083B93E /* PBXContainerItemProxy */;
			sourceTree = BUILT_PRODUCTS_DIR;
		};
		20F749131F8541600083B93E /* SQLiteTests Mac.xctest */ = {
			isa = PBXReferenceProxy;
			fileType = wrapper.cfbundle;
			path = "SQLiteTests Mac.xctest";
			remoteRef = 20F749121F8541600083B93E /* PBXContainerItemProxy */;
			sourceTree = BUILT_PRODUCTS_DIR;
		};
		20F749151F8541600083B93E /* SQLite.framework */ = {
			isa = PBXReferenceProxy;
			fileType = wrapper.framework;
			path = SQLite.framework;
			remoteRef = 20F749141F8541600083B93E /* PBXContainerItemProxy */;
			sourceTree = BUILT_PRODUCTS_DIR;
		};
		20F749171F8541600083B93E /* SQLiteTests tvOS.xctest */ = {
			isa = PBXReferenceProxy;
			fileType = wrapper.cfbundle;
			path = "SQLiteTests tvOS.xctest";
			remoteRef = 20F749161F8541600083B93E /* PBXContainerItemProxy */;
			sourceTree = BUILT_PRODUCTS_DIR;
		};
		20F749191F8541600083B93E /* SQLite.framework */ = {
			isa = PBXReferenceProxy;
			fileType = wrapper.framework;
			path = SQLite.framework;
			remoteRef = 20F749181F8541600083B93E /* PBXContainerItemProxy */;
			sourceTree = BUILT_PRODUCTS_DIR;
		};
/* End PBXReferenceProxy section */

/* Begin PBXResourcesBuildPhase section */
		200045581F850DDC004F8158 /* Resources */ = {
			isa = PBXResourcesBuildPhase;
			buildActionMask = 2147483647;
			files = (
				2000456A1F850DDD004F8158 /* LaunchScreen.storyboard in Resources */,
				200045671F850DDD004F8158 /* Assets.xcassets in Resources */,
				200045651F850DDD004F8158 /* Main.storyboard in Resources */,
			);
			runOnlyForDeploymentPostprocessing = 0;
		};
/* End PBXResourcesBuildPhase section */

/* Begin PBXSourcesBuildPhase section */
		200045561F850DDC004F8158 /* Sources */ = {
			isa = PBXSourcesBuildPhase;
			buildActionMask = 2147483647;
			files = (
				200045621F850DDD004F8158 /* PersistenceViewController.swift in Sources */,
				2000455E1F850DDD004F8158 /* AppDelegate.swift in Sources */,
				200045601F850DDD004F8158 /* FirstViewController.swift in Sources */,
				200045741F852596004F8158 /* NetworkViewController.swift in Sources */,
				200045721F852408004F8158 /* AnimationViewController.swift in Sources */,
			);
			runOnlyForDeploymentPostprocessing = 0;
		};
/* End PBXSourcesBuildPhase section */

/* Begin PBXTargetDependency section */
		20F7491D1F8541720083B93E /* PBXTargetDependency */ = {
			isa = PBXTargetDependency;
			name = "SQLite iOS";
			targetProxy = 20F7491C1F8541720083B93E /* PBXContainerItemProxy */;
		};
/* End PBXTargetDependency section */

/* Begin PBXVariantGroup section */
		200045631F850DDD004F8158 /* Main.storyboard */ = {
			isa = PBXVariantGroup;
			children = (
				200045641F850DDD004F8158 /* Base */,
			);
			name = Main.storyboard;
			sourceTree = "<group>";
		};
		200045681F850DDD004F8158 /* LaunchScreen.storyboard */ = {
			isa = PBXVariantGroup;
			children = (
				200045691F850DDD004F8158 /* Base */,
			);
			name = LaunchScreen.storyboard;
			sourceTree = "<group>";
		};
/* End PBXVariantGroup section */

/* Begin XCBuildConfiguration section */
		2000456C1F850DDD004F8158 /* Debug */ = {
			isa = XCBuildConfiguration;
			buildSettings = {
				ALWAYS_SEARCH_USER_PATHS = NO;
				CLANG_ANALYZER_NONNULL = YES;
				CLANG_ANALYZER_NUMBER_OBJECT_CONVERSION = YES_AGGRESSIVE;
				CLANG_CXX_LANGUAGE_STANDARD = "gnu++14";
				CLANG_CXX_LIBRARY = "libc++";
				CLANG_ENABLE_MODULES = YES;
				CLANG_ENABLE_OBJC_ARC = YES;
				CLANG_WARN_BLOCK_CAPTURE_AUTORELEASING = YES;
				CLANG_WARN_BOOL_CONVERSION = YES;
				CLANG_WARN_COMMA = YES;
				CLANG_WARN_CONSTANT_CONVERSION = YES;
				CLANG_WARN_DIRECT_OBJC_ISA_USAGE = YES_ERROR;
				CLANG_WARN_DOCUMENTATION_COMMENTS = YES;
				CLANG_WARN_EMPTY_BODY = YES;
				CLANG_WARN_ENUM_CONVERSION = YES;
				CLANG_WARN_INFINITE_RECURSION = YES;
				CLANG_WARN_INT_CONVERSION = YES;
				CLANG_WARN_NON_LITERAL_NULL_CONVERSION = YES;
				CLANG_WARN_OBJC_LITERAL_CONVERSION = YES;
				CLANG_WARN_OBJC_ROOT_CLASS = YES_ERROR;
				CLANG_WARN_RANGE_LOOP_ANALYSIS = YES;
				CLANG_WARN_STRICT_PROTOTYPES = YES;
				CLANG_WARN_SUSPICIOUS_MOVE = YES;
				CLANG_WARN_UNGUARDED_AVAILABILITY = YES_AGGRESSIVE;
				CLANG_WARN_UNREACHABLE_CODE = YES;
				CLANG_WARN__DUPLICATE_METHOD_MATCH = YES;
				CODE_SIGN_IDENTITY = "iPhone Developer";
				COPY_PHASE_STRIP = NO;
				DEBUG_INFORMATION_FORMAT = dwarf;
				ENABLE_STRICT_OBJC_MSGSEND = YES;
				ENABLE_TESTABILITY = YES;
				GCC_C_LANGUAGE_STANDARD = gnu11;
				GCC_DYNAMIC_NO_PIC = NO;
				GCC_NO_COMMON_BLOCKS = YES;
				GCC_OPTIMIZATION_LEVEL = 0;
				GCC_PREPROCESSOR_DEFINITIONS = (
					"DEBUG=1",
					"$(inherited)",
				);
				GCC_WARN_64_TO_32_BIT_CONVERSION = YES;
				GCC_WARN_ABOUT_RETURN_TYPE = YES_ERROR;
				GCC_WARN_UNDECLARED_SELECTOR = YES;
				GCC_WARN_UNINITIALIZED_AUTOS = YES_AGGRESSIVE;
				GCC_WARN_UNUSED_FUNCTION = YES;
				GCC_WARN_UNUSED_VARIABLE = YES;
				IPHONEOS_DEPLOYMENT_TARGET = 11.0;
				MTL_ENABLE_DEBUG_INFO = YES;
				ONLY_ACTIVE_ARCH = YES;
				SDKROOT = iphoneos;
				SWIFT_ACTIVE_COMPILATION_CONDITIONS = DEBUG;
				SWIFT_OPTIMIZATION_LEVEL = "-Onone";
			};
			name = Debug;
		};
		2000456D1F850DDD004F8158 /* Release */ = {
			isa = XCBuildConfiguration;
			buildSettings = {
				ALWAYS_SEARCH_USER_PATHS = NO;
				CLANG_ANALYZER_NONNULL = YES;
				CLANG_ANALYZER_NUMBER_OBJECT_CONVERSION = YES_AGGRESSIVE;
				CLANG_CXX_LANGUAGE_STANDARD = "gnu++14";
				CLANG_CXX_LIBRARY = "libc++";
				CLANG_ENABLE_MODULES = YES;
				CLANG_ENABLE_OBJC_ARC = YES;
				CLANG_WARN_BLOCK_CAPTURE_AUTORELEASING = YES;
				CLANG_WARN_BOOL_CONVERSION = YES;
				CLANG_WARN_COMMA = YES;
				CLANG_WARN_CONSTANT_CONVERSION = YES;
				CLANG_WARN_DIRECT_OBJC_ISA_USAGE = YES_ERROR;
				CLANG_WARN_DOCUMENTATION_COMMENTS = YES;
				CLANG_WARN_EMPTY_BODY = YES;
				CLANG_WARN_ENUM_CONVERSION = YES;
				CLANG_WARN_INFINITE_RECURSION = YES;
				CLANG_WARN_INT_CONVERSION = YES;
				CLANG_WARN_NON_LITERAL_NULL_CONVERSION = YES;
				CLANG_WARN_OBJC_LITERAL_CONVERSION = YES;
				CLANG_WARN_OBJC_ROOT_CLASS = YES_ERROR;
				CLANG_WARN_RANGE_LOOP_ANALYSIS = YES;
				CLANG_WARN_STRICT_PROTOTYPES = YES;
				CLANG_WARN_SUSPICIOUS_MOVE = YES;
				CLANG_WARN_UNGUARDED_AVAILABILITY = YES_AGGRESSIVE;
				CLANG_WARN_UNREACHABLE_CODE = YES;
				CLANG_WARN__DUPLICATE_METHOD_MATCH = YES;
				CODE_SIGN_IDENTITY = "iPhone Developer";
				COPY_PHASE_STRIP = NO;
				DEBUG_INFORMATION_FORMAT = "dwarf-with-dsym";
				ENABLE_NS_ASSERTIONS = NO;
				ENABLE_STRICT_OBJC_MSGSEND = YES;
				GCC_C_LANGUAGE_STANDARD = gnu11;
				GCC_NO_COMMON_BLOCKS = YES;
				GCC_WARN_64_TO_32_BIT_CONVERSION = YES;
				GCC_WARN_ABOUT_RETURN_TYPE = YES_ERROR;
				GCC_WARN_UNDECLARED_SELECTOR = YES;
				GCC_WARN_UNINITIALIZED_AUTOS = YES_AGGRESSIVE;
				GCC_WARN_UNUSED_FUNCTION = YES;
				GCC_WARN_UNUSED_VARIABLE = YES;
				IPHONEOS_DEPLOYMENT_TARGET = 11.0;
				MTL_ENABLE_DEBUG_INFO = NO;
				SDKROOT = iphoneos;
				SWIFT_OPTIMIZATION_LEVEL = "-Owholemodule";
				VALIDATE_PRODUCT = YES;
			};
			name = Release;
		};
		2000456F1F850DDD004F8158 /* Debug */ = {
			isa = XCBuildConfiguration;
			buildSettings = {
				ALWAYS_EMBED_SWIFT_STANDARD_LIBRARIES = YES;
				ASSETCATALOG_COMPILER_APPICON_NAME = AppIcon;
				CODE_SIGN_STYLE = Automatic;
				DEVELOPMENT_TEAM = 8W62GL8FE7;
				INFOPLIST_FILE = MacounApp/Info.plist;
				LD_RUNPATH_SEARCH_PATHS = "$(inherited) @executable_path/Frameworks";
				PRODUCT_BUNDLE_IDENTIFIER = com.ms.demo.MacounApp;
				PRODUCT_NAME = "$(TARGET_NAME)";
				SWIFT_VERSION = 4.0;
				TARGETED_DEVICE_FAMILY = "1,2";
			};
			name = Debug;
		};
		200045701F850DDD004F8158 /* Release */ = {
			isa = XCBuildConfiguration;
			buildSettings = {
				ALWAYS_EMBED_SWIFT_STANDARD_LIBRARIES = YES;
				ASSETCATALOG_COMPILER_APPICON_NAME = AppIcon;
				CODE_SIGN_STYLE = Automatic;
				DEVELOPMENT_TEAM = 8W62GL8FE7;
				INFOPLIST_FILE = MacounApp/Info.plist;
				LD_RUNPATH_SEARCH_PATHS = "$(inherited) @executable_path/Frameworks";
				PRODUCT_BUNDLE_IDENTIFIER = com.ms.demo.MacounApp;
				PRODUCT_NAME = "$(TARGET_NAME)";
				SWIFT_VERSION = 4.0;
				TARGETED_DEVICE_FAMILY = "1,2";
			};
			name = Release;
		};
/* End XCBuildConfiguration section */

/* Begin XCConfigurationList section */
		200045551F850DDC004F8158 /* Build configuration list for PBXProject "MacounApp" */ = {
			isa = XCConfigurationList;
			buildConfigurations = (
				2000456C1F850DDD004F8158 /* Debug */,
				2000456D1F850DDD004F8158 /* Release */,
			);
			defaultConfigurationIsVisible = 0;
			defaultConfigurationName = Release;
		};
		2000456E1F850DDD004F8158 /* Build configuration list for PBXNativeTarget "MacounApp" */ = {
			isa = XCConfigurationList;
			buildConfigurations = (
				2000456F1F850DDD004F8158 /* Debug */,
				200045701F850DDD004F8158 /* Release */,
			);
			defaultConfigurationIsVisible = 0;
			defaultConfigurationName = Release;
		};
/* End XCConfigurationList section */
	};
	rootObject = 200045521F850DDC004F8158 /* Project object */;
}
